
Microsoft Visual Studio Solution File, Format Version 12.00
# Visual Studio 15
Project("{FAE04EC0-301F-11D3-BF4B-00C04F79EFBC}") = "ktanedoubledefuser", "ktanedoubledefuser.csproj", "{12345D64-BCAC-0170-71F0-D560F029886B}"
EndProject
Project("{FAE04EC0-301F-11D3-BF4B-00C04F79EFBC}") = "ktanedoubledefuser.Editor", "ktanedoubledefuser.Editor.csproj", "{320D7AA9-7302-9556-42C0-A90EB00A6835}"
EndProject
Global
	GlobalSection(SolutionConfigurationPlatforms) = preSolution
		Debug|Any CPU = Debug|Any CPU
		Release|Any CPU = Release|Any CPU
	EndGlobalSection
	GlobalSection(ProjectConfigurationPlatforms) = postSolution
		{12345D64-BCAC-0170-71F0-D560F029886B}.Debug|Any CPU.ActiveCfg = Debug|Any CPU
		{12345D64-BCAC-0170-71F0-D560F029886B}.Debug|Any CPU.Build.0 = Debug|Any CPU
		{12345D64-BCAC-0170-71F0-D560F029886B}.Release|Any CPU.ActiveCfg = Release|Any CPU
		{12345D64-BCAC-0170-71F0-D560F029886B}.Release|Any CPU.Build.0 = Release|Any CPU
		{320D7AA9-7302-9556-42C0-A90EB00A6835}.Debug|Any CPU.ActiveCfg = Debug|Any CPU
		{320D7AA9-7302-9556-42C0-A90EB00A6835}.Debug|Any CPU.Build.0 = Debug|Any CPU
		{320D7AA9-7302-9556-42C0-A90EB00A6835}.Release|Any CPU.ActiveCfg = Release|Any CPU
		{320D7AA9-7302-9556-42C0-A90EB00A6835}.Release|Any CPU.Build.0 = Release|Any CPU
	EndGlobalSection
	GlobalSection(SolutionProperties) = preSolution
		HideSolutionNode = FALSE
	EndGlobalSection
EndGlobal
